
Microsoft Visual Studio Solution File, Format Version 12.00
# Visual Studio Version 17
VisualStudioVersion = 17.7.34202.233
MinimumVisualStudioVersion = 10.0.40219.1
Project("{FAE04EC0-301F-11D3-BF4B-00C04F79EFBC}") = "SistemaDeTarefas", "SistemaDeTarefas\SistemaDeTarefas.csproj", "{737F2C8B-8D1F-4AD0-B8A8-2470F08570E5}"
EndProject
Global
	GlobalSection(SolutionConfigurationPlatforms) = preSolution
		Debug|Any CPU = Debug|Any CPU
		Release|Any CPU = Release|Any CPU
	EndGlobalSection
	GlobalSection(ProjectConfigurationPlatforms) = postSolution
		{737F2C8B-8D1F-4AD0-B8A8-2470F08570E5}.Debug|Any CPU.ActiveCfg = Debug|Any CPU
		{737F2C8B-8D1F-4AD0-B8A8-2470F08570E5}.Debug|Any CPU.Build.0 = Debug|Any CPU
		{737F2C8B-8D1F-4AD0-B8A8-2470F08570E5}.Release|Any CPU.ActiveCfg = Release|Any CPU
		{737F2C8B-8D1F-4AD0-B8A8-2470F08570E5}.Release|Any CPU.Build.0 = Release|Any CPU
	EndGlobalSection
	GlobalSection(SolutionProperties) = preSolution
		HideSolutionNode = FALSE
	EndGlobalSection
	GlobalSection(ExtensibilityGlobals) = postSolution
		SolutionGuid = {12B6B67F-E27E-4BB1-A344-0A4CA3948542}
	EndGlobalSection
EndGlobal
